
Microsoft Visual Studio Solution File, Format Version 12.00
# Visual Studio Version 16
VisualStudioVersion = 16.0.32126.315
MinimumVisualStudioVersion = 10.0.40219.1
Project("{FAE04EC0-301F-11D3-BF4B-00C04F79EFBC}") = "DynamicCreateDataGridData", "DynamicCreateDataGridData.csproj", "{658B15A7-8FE5-484C-A105-9BE85E3410EF}"
EndProject
Global
	GlobalSection(SolutionConfigurationPlatforms) = preSolution
		Debug|Any CPU = Debug|Any CPU
		Release|Any CPU = Release|Any CPU
	EndGlobalSection
	GlobalSection(ProjectConfigurationPlatforms) = postSolution
		{658B15A7-8FE5-484C-A105-9BE85E3410EF}.Debug|Any CPU.ActiveCfg = Debug|Any CPU
		{658B15A7-8FE5-484C-A105-9BE85E3410EF}.Debug|Any CPU.Build.0 = Debug|Any CPU
		{658B15A7-8FE5-484C-A105-9BE85E3410EF}.Release|Any CPU.ActiveCfg = Release|Any CPU
		{658B15A7-8FE5-484C-A105-9BE85E3410EF}.Release|Any CPU.Build.0 = Release|Any CPU
	EndGlobalSection
	GlobalSection(SolutionProperties) = preSolution
		HideSolutionNode = FALSE
	EndGlobalSection
	GlobalSection(ExtensibilityGlobals) = postSolution
		SolutionGuid = {D23EFEC5-268D-4D76-BF2D-100EA5143563}
	EndGlobalSection
EndGlobal
